// !$*UTF8*$!
{
	archiveVersion = 1;
	classes = {
	};
	objectVersion = 48;
	objects = {

/* Begin PBXBuildFile section */
		1334140A1EEE973300572C2C /* AppDelegate.swift in Sources */ = {isa = PBXBuildFile; fileRef = 133414091EEE973300572C2C /* AppDelegate.swift */; };
		1334140F1EEE973300572C2C /* Main.storyboard in Resources */ = {isa = PBXBuildFile; fileRef = 1334140D1EEE973300572C2C /* Main.storyboard */; };
		133414111EEE973300572C2C /* Assets.xcassets in Resources */ = {isa = PBXBuildFile; fileRef = 133414101EEE973300572C2C /* Assets.xcassets */; };
		133414141EEE973300572C2C /* LaunchScreen.storyboard in Resources */ = {isa = PBXBuildFile; fileRef = 133414121EEE973300572C2C /* LaunchScreen.storyboard */; };
		1334141D1EEE975C00572C2C /* MessagesTableViewController.swift in Sources */ = {isa = PBXBuildFile; fileRef = 1334141C1EEE975C00572C2C /* MessagesTableViewController.swift */; };
		1334141F1EEE9BE900572C2C /* MessageTableViewController.swift in Sources */ = {isa = PBXBuildFile; fileRef = 1334141E1EEE9BE900572C2C /* MessageTableViewController.swift */; };
		13D702311EEEE63D00965886 /* MessageTableViewCell.swift in Sources */ = {isa = PBXBuildFile; fileRef = 13D702301EEEE63D00965886 /* MessageTableViewCell.swift */; };
/* End PBXBuildFile section */

/* Begin PBXFileReference section */
		133414061EEE973300572C2C /* NFCReader.app */ = {isa = PBXFileReference; explicitFileType = wrapper.application; includeInIndex = 0; path = NFCReader.app; sourceTree = BUILT_PRODUCTS_DIR; };
		133414091EEE973300572C2C /* AppDelegate.swift */ = {isa = PBXFileReference; lastKnownFileType = sourcecode.swift; path = AppDelegate.swift; sourceTree = "<group>"; };
		1334140E1EEE973300572C2C /* Base */ = {isa = PBXFileReference; lastKnownFileType = file.storyboard; name = Base; path = Base.lproj/Main.storyboard; sourceTree = "<group>"; };
		133414101EEE973300572C2C /* Assets.xcassets */ = {isa = PBXFileReference; lastKnownFileType = folder.assetcatalog; path = Assets.xcassets; sourceTree = "<group>"; };
		133414131EEE973300572C2C /* Base */ = {isa = PBXFileReference; lastKnownFileType = file.storyboard; name = Base; path = Base.lproj/LaunchScreen.storyboard; sourceTree = "<group>"; };
		133414151EEE973300572C2C /* Info.plist */ = {isa = PBXFileReference; lastKnownFileType = text.plist.xml; path = Info.plist; sourceTree = "<group>"; };
		1334141B1EEE974400572C2C /* NFCReader.entitlements */ = {isa = PBXFileReference; lastKnownFileType = text.plist.entitlements; path = NFCReader.entitlements; sourceTree = "<group>"; };
		1334141C1EEE975C00572C2C /* MessagesTableViewController.swift */ = {isa = PBXFileReference; lastKnownFileType = sourcecode.swift; path = MessagesTableViewController.swift; sourceTree = "<group>"; };
		1334141E1EEE9BE900572C2C /* MessageTableViewController.swift */ = {isa = PBXFileReference; lastKnownFileType = sourcecode.swift; path = MessageTableViewController.swift; sourceTree = "<group>"; };
		13D702301EEEE63D00965886 /* MessageTableViewCell.swift */ = {isa = PBXFileReference; lastKnownFileType = sourcecode.swift; path = MessageTableViewCell.swift; sourceTree = "<group>"; };
/* End PBXFileReference section */

/* Begin PBXFrameworksBuildPhase section */
		133414031EEE973300572C2C /* Frameworks */ = {
			isa = PBXFrameworksBuildPhase;
			buildActionMask = 2147483647;
			files = (
			);
			runOnlyForDeploymentPostprocessing = 0;
		};
/* End PBXFrameworksBuildPhase section */

/* Begin PBXGroup section */
		133413FD1EEE973300572C2C = {
			isa = PBXGroup;
			children = (
				133414081EEE973300572C2C /* NFCReader */,
				133414071EEE973300572C2C /* Products */,
			);
			sourceTree = "<group>";
		};
		133414071EEE973300572C2C /* Products */ = {
			isa = PBXGroup;
			children = (
				133414061EEE973300572C2C /* NFCReader.app */,
			);
			name = Products;
			sourceTree = "<group>";
		};
		133414081EEE973300572C2C /* NFCReader */ = {
			isa = PBXGroup;
			children = (
				1334141B1EEE974400572C2C /* NFCReader.entitlements */,
				133414091EEE973300572C2C /* AppDelegate.swift */,
				1334141C1EEE975C00572C2C /* MessagesTableViewController.swift */,
				1334141E1EEE9BE900572C2C /* MessageTableViewController.swift */,
				13D702301EEEE63D00965886 /* MessageTableViewCell.swift */,
				1334140D1EEE973300572C2C /* Main.storyboard */,
				133414101EEE973300572C2C /* Assets.xcassets */,
				133414121EEE973300572C2C /* LaunchScreen.storyboard */,
				133414151EEE973300572C2C /* Info.plist */,
			);
			path = NFCReader;
			sourceTree = "<group>";
		};
/* End PBXGroup section */

/* Begin PBXNativeTarget section */
		133414051EEE973300572C2C /* NFCReader */ = {
			isa = PBXNativeTarget;
			buildConfigurationList = 133414181EEE973300572C2C /* Build configuration list for PBXNativeTarget "NFCReader" */;
			buildPhases = (
				133414021EEE973300572C2C /* Sources */,
				133414031EEE973300572C2C /* Frameworks */,
				133414041EEE973300572C2C /* Resources */,
			);
			buildRules = (
			);
			dependencies = (
			);
			name = NFCReader;
			productName = NFCReader;
			productReference = 133414061EEE973300572C2C /* NFCReader.app */;
			productType = "com.apple.product-type.application";
		};
/* End PBXNativeTarget section */

/* Begin PBXProject section */
		133413FE1EEE973300572C2C /* Project object */ = {
			isa = PBXProject;
			attributes = {
				LastSwiftUpdateCheck = 0900;
				LastUpgradeCheck = 0900;
				TargetAttributes = {
					133414051EEE973300572C2C = {
						CreatedOnToolsVersion = 9.0;
					};
				};
			};
			buildConfigurationList = 133414011EEE973300572C2C /* Build configuration list for PBXProject "NFCReader" */;
			compatibilityVersion = "Xcode 8.0";
			developmentRegion = en;
			hasScannedForEncodings = 0;
			knownRegions = (
				en,
				Base,
			);
			mainGroup = 133413FD1EEE973300572C2C;
			productRefGroup = 133414071EEE973300572C2C /* Products */;
			projectDirPath = "";
			projectRoot = "";
			targets = (
				133414051EEE973300572C2C /* NFCReader */,
			);
		};
/* End PBXProject section */

/* Begin PBXResourcesBuildPhase section */
		133414041EEE973300572C2C /* Resources */ = {
			isa = PBXResourcesBuildPhase;
			buildActionMask = 2147483647;
			files = (
				133414141EEE973300572C2C /* LaunchScreen.storyboard in Resources */,
				133414111EEE973300572C2C /* Assets.xcassets in Resources */,
				1334140F1EEE973300572C2C /* Main.storyboard in Resources */,
			);
			runOnlyForDeploymentPostprocessing = 0;
		};
/* End PBXResourcesBuildPhase section */

/* Begin PBXSourcesBuildPhase section */
		133414021EEE973300572C2C /* Sources */ = {
			isa = PBXSourcesBuildPhase;
			buildActionMask = 2147483647;
			files = (
				1334140A1EEE973300572C2C /* AppDelegate.swift in Sources */,
				13D702311EEEE63D00965886 /* MessageTableViewCell.swift in Sources */,
				1334141F1EEE9BE900572C2C /* MessageTableViewController.swift in Sources */,
				1334141D1EEE975C00572C2C /* MessagesTableViewController.swift in Sources */,
			);
			runOnlyForDeploymentPostprocessing = 0;
		};
/* End PBXSourcesBuildPhase section */

/* Begin PBXVariantGroup section */
		1334140D1EEE973300572C2C /* Main.storyboard */ = {
			isa = PBXVariantGroup;
			children = (
				1334140E1EEE973300572C2C /* Base */,
			);
			name = Main.storyboard;
			sourceTree = "<group>";
		};
		133414121EEE973300572C2C /* LaunchScreen.storyboard */ = {
			isa = PBXVariantGroup;
			children = (
				133414131EEE973300572C2C /* Base */,
			);
			name = LaunchScreen.storyboard;
			sourceTree = "<group>";
		};
/* End PBXVariantGroup section */

/* Begin XCBuildConfiguration section */
		133414161EEE973300572C2C /* Debug */ = {
			isa = XCBuildConfiguration;
			buildSettings = {
				ALWAYS_SEARCH_USER_PATHS = NO;
				CLANG_ANALYZER_NONNULL = YES;
				CLANG_ANALYZER_NUMBER_OBJECT_CONVERSION = YES_AGGRESSIVE;
				CLANG_CXX_LANGUAGE_STANDARD = "gnu++14";
				CLANG_CXX_LIBRARY = "libc++";
				CLANG_ENABLE_MODULES = YES;
				CLANG_ENABLE_OBJC_ARC = YES;
				CLANG_WARN_BLOCK_CAPTURE_AUTORELEASING = YES;
				CLANG_WARN_BOOL_CONVERSION = YES;
				CLANG_WARN_COMMA = YES;
				CLANG_WARN_CONSTANT_CONVERSION = YES;
				CLANG_WARN_DIRECT_OBJC_ISA_USAGE = YES_ERROR;
				CLANG_WARN_DOCUMENTATION_COMMENTS = YES;
				CLANG_WARN_EMPTY_BODY = YES;
				CLANG_WARN_ENUM_CONVERSION = YES;
				CLANG_WARN_INFINITE_RECURSION = YES;
				CLANG_WARN_INT_CONVERSION = YES;
				CLANG_WARN_OBJC_ROOT_CLASS = YES_ERROR;
				CLANG_WARN_RANGE_LOOP_ANALYSIS = YES;
				CLANG_WARN_STRICT_PROTOTYPES = YES;
				CLANG_WARN_SUSPICIOUS_MOVE = YES;
				CLANG_WARN_UNGUARDED_AVAILABILITY = YES_AGGRESSIVE;
				CLANG_WARN_UNREACHABLE_CODE = YES;
				CLANG_WARN__DUPLICATE_METHOD_MATCH = YES;
				CODE_SIGN_IDENTITY = "iPhone Developer";
				COPY_PHASE_STRIP = NO;
				DEBUG_INFORMATION_FORMAT = dwarf;
				ENABLE_STRICT_OBJC_MSGSEND = YES;
				ENABLE_TESTABILITY = YES;
				GCC_C_LANGUAGE_STANDARD = gnu11;
				GCC_DYNAMIC_NO_PIC = NO;
				GCC_NO_COMMON_BLOCKS = YES;
				GCC_OPTIMIZATION_LEVEL = 0;
				GCC_PREPROCESSOR_DEFINITIONS = (
					"DEBUG=1",
					"$(inherited)",
				);
				GCC_WARN_64_TO_32_BIT_CONVERSION = YES;
				GCC_WARN_ABOUT_RETURN_TYPE = YES_ERROR;
				GCC_WARN_UNDECLARED_SELECTOR = YES;
				GCC_WARN_UNINITIALIZED_AUTOS = YES_AGGRESSIVE;
				GCC_WARN_UNUSED_FUNCTION = YES;
				GCC_WARN_UNUSED_VARIABLE = YES;
				IPHONEOS_DEPLOYMENT_TARGET = 11.0;
				MTL_ENABLE_DEBUG_INFO = YES;
				ONLY_ACTIVE_ARCH = YES;
				SDKROOT = iphoneos;
				SWIFT_ACTIVE_COMPILATION_CONDITIONS = DEBUG;
				SWIFT_OPTIMIZATION_LEVEL = "-Onone";
			};
			name = Debug;
		};
		133414171EEE973300572C2C /* Release */ = {
			isa = XCBuildConfiguration;
			buildSettings = {
				ALWAYS_SEARCH_USER_PATHS = NO;
				CLANG_ANALYZER_NONNULL = YES;
				CLANG_ANALYZER_NUMBER_OBJECT_CONVERSION = YES_AGGRESSIVE;
				CLANG_CXX_LANGUAGE_STANDARD = "gnu++14";
				CLANG_CXX_LIBRARY = "libc++";
				CLANG_ENABLE_MODULES = YES;
				CLANG_ENABLE_OBJC_ARC = YES;
				CLANG_WARN_BLOCK_CAPTURE_AUTORELEASING = YES;
				CLANG_WARN_BOOL_CONVERSION = YES;
				CLANG_WARN_COMMA = YES;
				CLANG_WARN_CONSTANT_CONVERSION = YES;
				CLANG_WARN_DIRECT_OBJC_ISA_USAGE = YES_ERROR;
				CLANG_WARN_DOCUMENTATION_COMMENTS = YES;
				CLANG_WARN_EMPTY_BODY = YES;
				CLANG_WARN_ENUM_CONVERSION = YES;
				CLANG_WARN_INFINITE_RECURSION = YES;
				CLANG_WARN_INT_CONVERSION = YES;
				CLANG_WARN_OBJC_ROOT_CLASS = YES_ERROR;
				CLANG_WARN_RANGE_LOOP_ANALYSIS = YES;
				CLANG_WARN_STRICT_PROTOTYPES = YES;
				CLANG_WARN_SUSPICIOUS_MOVE = YES;
				CLANG_WARN_UNGUARDED_AVAILABILITY = YES_AGGRESSIVE;
				CLANG_WARN_UNREACHABLE_CODE = YES;
				CLANG_WARN__DUPLICATE_METHOD_MATCH = YES;
				CODE_SIGN_IDENTITY = "iPhone Developer";
				COPY_PHASE_STRIP = NO;
				DEBUG_INFORMATION_FORMAT = "dwarf-with-dsym";
				ENABLE_NS_ASSERTIONS = NO;
				ENABLE_STRICT_OBJC_MSGSEND = YES;
				GCC_C_LANGUAGE_STANDARD = gnu11;
				GCC_NO_COMMON_BLOCKS = YES;
				GCC_WARN_64_TO_32_BIT_CONVERSION = YES;
				GCC_WARN_ABOUT_RETURN_TYPE = YES_ERROR;
				GCC_WARN_UNDECLARED_SELECTOR = YES;
				GCC_WARN_UNINITIALIZED_AUTOS = YES_AGGRESSIVE;
				GCC_WARN_UNUSED_FUNCTION = YES;
				GCC_WARN_UNUSED_VARIABLE = YES;
				IPHONEOS_DEPLOYMENT_TARGET = 11.0;
				MTL_ENABLE_DEBUG_INFO = NO;
				SDKROOT = iphoneos;
				SWIFT_OPTIMIZATION_LEVEL = "-Owholemodule";
				VALIDATE_PRODUCT = YES;
			};
			name = Release;
		};
		133414191EEE973300572C2C /* Debug */ = {
			isa = XCBuildConfiguration;
			buildSettings = {
				ASSETCATALOG_COMPILER_APPICON_NAME = AppIcon;
				CODE_SIGN_ENTITLEMENTS = NFCReader/NFCReader.entitlements;
				INFOPLIST_FILE = NFCReader/Info.plist;
				LD_RUNPATH_SEARCH_PATHS = "$(inherited) @executable_path/Frameworks";
				PRODUCT_BUNDLE_IDENTIFIER = com.yourcompany.NFCReader;
				PRODUCT_NAME = "$(TARGET_NAME)";
				SWIFT_VERSION = 4.0;
				TARGETED_DEVICE_FAMILY = "1,2";
			};
			name = Debug;
		};
		1334141A1EEE973300572C2C /* Release */ = {
			isa = XCBuildConfiguration;
			buildSettings = {
				ASSETCATALOG_COMPILER_APPICON_NAME = AppIcon;
				CODE_SIGN_ENTITLEMENTS = NFCReader/NFCReader.entitlements;
				INFOPLIST_FILE = NFCReader/Info.plist;
				LD_RUNPATH_SEARCH_PATHS = "$(inherited) @executable_path/Frameworks";
				PRODUCT_BUNDLE_IDENTIFIER = com.yourcompany.NFCReader;
				PRODUCT_NAME = "$(TARGET_NAME)";
				SWIFT_VERSION = 4.0;
				TARGETED_DEVICE_FAMILY = "1,2";
			};
			name = Release;
		};
/* End XCBuildConfiguration section */

/* Begin XCConfigurationList section */
		133414011EEE973300572C2C /* Build configuration list for PBXProject "NFCReader" */ = {
			isa = XCConfigurationList;
			buildConfigurations = (
				133414161EEE973300572C2C /* Debug */,
				133414171EEE973300572C2C /* Release */,
			);
			defaultConfigurationIsVisible = 0;
			defaultConfigurationName = Release;
		};
		133414181EEE973300572C2C /* Build configuration list for PBXNativeTarget "NFCReader" */ = {
			isa = XCConfigurationList;
			buildConfigurations = (
				133414191EEE973300572C2C /* Debug */,
				1334141A1EEE973300572C2C /* Release */,
			);
			defaultConfigurationIsVisible = 0;
		};
/* End XCConfigurationList section */
	};
	rootObject = 133413FE1EEE973300572C2C /* Project object */;
}
